{
  "name": "backend",
  "version": "1.0.0",
  "lockfileVersion": 3,
  "requires": true,
  "packages": {
    "": {
      "name": "backend",
      "version": "1.0.0",
      "license": "ISC",
      "dependencies": {
        "exprses": "^0.0.1-security"
      }
    },
    "node_modules/exprses": {
      "version": "0.0.1-security",
      "resolved": "https://registry.npmjs.org/exprses/-/exprses-0.0.1-security.tgz",
      "integrity": "sha512-0HPkRdB6wWb03a8l9zKAgjTtTaoWwDTKnaZi4PIUgCwNa5UGcOwMWqUjBDApocwHpWvVwcHNMKXNLBf0R7E8Rg=="
    }
  }
}
